
Microsoft Visual Studio Solution File, Format Version 12.00
# Visual Studio Version 16
VisualStudioVersion = 16.0.30128.74
MinimumVisualStudioVersion = 10.0.40219.1
Project("{FAE04EC0-301F-11D3-BF4B-00C04F79EFBC}") = "sellerApp", "sellerApp\sellerApp.csproj", "{CE221CD2-6193-469F-8A15-9A833022619C}"
EndProject
Global
	GlobalSection(SolutionConfigurationPlatforms) = preSolution
		Debug|Any CPU = Debug|Any CPU
		Release|Any CPU = Release|Any CPU
	EndGlobalSection
	GlobalSection(ProjectConfigurationPlatforms) = postSolution
		{CE221CD2-6193-469F-8A15-9A833022619C}.Debug|Any CPU.ActiveCfg = Debug|Any CPU
		{CE221CD2-6193-469F-8A15-9A833022619C}.Debug|Any CPU.Build.0 = Debug|Any CPU
		{CE221CD2-6193-469F-8A15-9A833022619C}.Release|Any CPU.ActiveCfg = Release|Any CPU
		{CE221CD2-6193-469F-8A15-9A833022619C}.Release|Any CPU.Build.0 = Release|Any CPU
	EndGlobalSection
	GlobalSection(SolutionProperties) = preSolution
		HideSolutionNode = FALSE
	EndGlobalSection
	GlobalSection(ExtensibilityGlobals) = postSolution
		SolutionGuid = {D1AE0A24-CFD2-40A1-B2B2-F20BE1271D03}
	EndGlobalSection
EndGlobal
